
Microsoft Visual Studio Solution File, Format Version 12.00
# Visual Studio Version 16
VisualStudioVersion = 16.0.31112.23
MinimumVisualStudioVersion = 10.0.40219.1
Project("{FAE04EC0-301F-11D3-BF4B-00C04F79EFBC}") = "EFCoreTestApp", "EFCoreTestApp\EFCoreTestApp.csproj", "{561B2623-C0A7-4811-B567-35A656A94904}"
EndProject
Project("{FAE04EC0-301F-11D3-BF4B-00C04F79EFBC}") = "MetanitEFCore", "MetanitEFCore\MetanitEFCore.csproj", "{BC1B7B31-E275-43F0-B38E-DB56FD091E2F}"
EndProject
Global
	GlobalSection(SolutionConfigurationPlatforms) = preSolution
		Debug|Any CPU = Debug|Any CPU
		Release|Any CPU = Release|Any CPU
	EndGlobalSection
	GlobalSection(ProjectConfigurationPlatforms) = postSolution
		{561B2623-C0A7-4811-B567-35A656A94904}.Debug|Any CPU.ActiveCfg = Debug|Any CPU
		{561B2623-C0A7-4811-B567-35A656A94904}.Debug|Any CPU.Build.0 = Debug|Any CPU
		{561B2623-C0A7-4811-B567-35A656A94904}.Release|Any CPU.ActiveCfg = Release|Any CPU
		{561B2623-C0A7-4811-B567-35A656A94904}.Release|Any CPU.Build.0 = Release|Any CPU
		{BC1B7B31-E275-43F0-B38E-DB56FD091E2F}.Debug|Any CPU.ActiveCfg = Debug|Any CPU
		{BC1B7B31-E275-43F0-B38E-DB56FD091E2F}.Debug|Any CPU.Build.0 = Debug|Any CPU
		{BC1B7B31-E275-43F0-B38E-DB56FD091E2F}.Release|Any CPU.ActiveCfg = Release|Any CPU
		{BC1B7B31-E275-43F0-B38E-DB56FD091E2F}.Release|Any CPU.Build.0 = Release|Any CPU
	EndGlobalSection
	GlobalSection(SolutionProperties) = preSolution
		HideSolutionNode = FALSE
	EndGlobalSection
	GlobalSection(ExtensibilityGlobals) = postSolution
		SolutionGuid = {4342B5C8-B86D-4648-A9B9-561F9CD43260}
	EndGlobalSection
EndGlobal
